Microsoft Visual Studio Solution File, Format Version 12.00
# Visual Studio Version 18
VisualStudioVersion = 18.5.11723.231
MinimumVisualStudioVersion = 10.0.40219.1
Project("{FAE04EC0-301F-11D3-BF4B-00C04F79EFBC}") = "ACadSharp.Formats", "ACadSharp.Formats\ACadSharp.Formats.csproj", "{57E91680-FC85-189F-7A91-A424E0D14146}"
EndProject
Project("{FAE04EC0-301F-11D3-BF4B-00C04F79EFBC}") = "ACadSharp.Formats.Tests", "ACadSharp.Formats.Tests\ACadSharp.Formats.Tests.csproj", "{D3E34190-8FD2-41BA-6BF1-44FC7C191ACC}"
EndProject
Project("{D954291E-2A0B-460D-934E-DC6B0785DB48}") = "CSUtilities", "CSUtilities\CSUtilities\CSUtilities.shproj", "{03970615-6D2F-67D6-3C2E-B51DD7D9833B}"
EndProject
Global
	GlobalSection(SolutionConfigurationPlatforms) = preSolution
		Debug|Any CPU = Debug|Any CPU
		Release|Any CPU = Release|Any CPU
	EndGlobalSection
	GlobalSection(ProjectConfigurationPlatforms) = postSolution
		{57E91680-FC85-189F-7A91-A424E0D14146}.Debug|Any CPU.ActiveCfg = Debug|Any CPU
		{57E91680-FC85-189F-7A91-A424E0D14146}.Debug|Any CPU.Build.0 = Debug|Any CPU
		{57E91680-FC85-189F-7A91-A424E0D14146}.Release|Any CPU.ActiveCfg = Release|Any CPU
		{57E91680-FC85-189F-7A91-A424E0D14146}.Release|Any CPU.Build.0 = Release|Any CPU
		{D3E34190-8FD2-41BA-6BF1-44FC7C191ACC}.Debug|Any CPU.ActiveCfg = Debug|Any CPU
		{D3E34190-8FD2-41BA-6BF1-44FC7C191ACC}.Debug|Any CPU.Build.0 = Debug|Any CPU
		{D3E34190-8FD2-41BA-6BF1-44FC7C191ACC}.Release|Any CPU.ActiveCfg = Release|Any CPU
		{D3E34190-8FD2-41BA-6BF1-44FC7C191ACC}.Release|Any CPU.Build.0 = Release|Any CPU
	EndGlobalSection
	GlobalSection(SolutionProperties) = preSolution
		HideSolutionNode = FALSE
	EndGlobalSection
	GlobalSection(ExtensibilityGlobals) = postSolution
		SolutionGuid = {8E9AC0F4-EDB0-4060-AD3B-17AA42714E52}
	EndGlobalSection
	GlobalSection(SharedMSBuildProjectFiles) = preSolution
		CSUtilities\CSUtilities\CSUtilities.projitems*{03970615-6d2f-67d6-3c2e-b51dd7d9833b}*SharedItemsImports = 13
		CSUtilities\CSUtilities\CSUtilities.projitems*{57e91680-fc85-189f-7a91-a424e0d14146}*SharedItemsImports = 5
		CSUtilities\CSUtilities\CSUtilities.projitems*{d3e34190-8fd2-41ba-6bf1-44fc7c191acc}*SharedItemsImports = 5
	EndGlobalSection
EndGlobal
